
Microsoft Visual Studio Solution File, Format Version 12.00
# Visual Studio Version 17
VisualStudioVersion = 17.4.33122.133
MinimumVisualStudioVersion = 10.0.40219.1
Project("{9A19103F-16F7-4668-BE54-9A1E7A4F7556}") = "MeuPortfolio", "MeuPortfolio.csproj", "{C052AA66-55D7-465B-A0CF-C41BED0510BC}"
EndProject
Global
	GlobalSection(SolutionConfigurationPlatforms) = preSolution
		Debug|Any CPU = Debug|Any CPU
		Release|Any CPU = Release|Any CPU
	EndGlobalSection
	GlobalSection(ProjectConfigurationPlatforms) = postSolution
		{C052AA66-55D7-465B-A0CF-C41BED0510BC}.Debug|Any CPU.ActiveCfg = Debug|Any CPU
		{C052AA66-55D7-465B-A0CF-C41BED0510BC}.Debug|Any CPU.Build.0 = Debug|Any CPU
		{C052AA66-55D7-465B-A0CF-C41BED0510BC}.Release|Any CPU.ActiveCfg = Release|Any CPU
		{C052AA66-55D7-465B-A0CF-C41BED0510BC}.Release|Any CPU.Build.0 = Release|Any CPU
	EndGlobalSection
	GlobalSection(SolutionProperties) = preSolution
		HideSolutionNode = FALSE
	EndGlobalSection
	GlobalSection(ExtensibilityGlobals) = postSolution
		SolutionGuid = {CC700E7F-C17F-4D08-AEFF-2B31B230E43E}
	EndGlobalSection
EndGlobal
